
Microsoft Visual Studio Solution File, Format Version 12.00
# Visual Studio Version 17
VisualStudioVersion = 17.5.002.0
MinimumVisualStudioVersion = 10.0.40219.1
Project("{9A19103F-16F7-4668-BE54-9A1E7A4F7556}") = "DesignPatterns.AbstractFacotryMethod", "DesignPatterns.AbstractFacotryMethod.csproj", "{53B85A50-EC89-4C91-841C-6B164ADF27D8}"
EndProject
Global
	GlobalSection(SolutionConfigurationPlatforms) = preSolution
		Debug|Any CPU = Debug|Any CPU
		Release|Any CPU = Release|Any CPU
	EndGlobalSection
	GlobalSection(ProjectConfigurationPlatforms) = postSolution
		{53B85A50-EC89-4C91-841C-6B164ADF27D8}.Debug|Any CPU.ActiveCfg = Debug|Any CPU
		{53B85A50-EC89-4C91-841C-6B164ADF27D8}.Debug|Any CPU.Build.0 = Debug|Any CPU
		{53B85A50-EC89-4C91-841C-6B164ADF27D8}.Release|Any CPU.ActiveCfg = Release|Any CPU
		{53B85A50-EC89-4C91-841C-6B164ADF27D8}.Release|Any CPU.Build.0 = Release|Any CPU
	EndGlobalSection
	GlobalSection(SolutionProperties) = preSolution
		HideSolutionNode = FALSE
	EndGlobalSection
	GlobalSection(ExtensibilityGlobals) = postSolution
		SolutionGuid = {6C283121-25FC-4530-85F9-1CE4A11C064A}
	EndGlobalSection
EndGlobal
